{
  "nodes": {
    "disko": {
      "inputs": {
        "nixpkgs": [
          "nixpkgs"
        ]
      },
      "locked": {
        "lastModified": 1789770686,
        "narHash": "sha256-uZkBR7yHdIKUFB5SZdfgh1qkGfI3XmYmI/lTiquxbck=",
        "owner": "nix-community",
        "repo": "disko",
        "rev": "725ea35e410ad83be4931d1bff7e090eacaf3563",
        "type": "github"
      },
      "original": {
        "owner": "nix-community",
        "repo": "disko",
        "type": "github"
      }
    },
    "melinoe-vpn-kernelspace": {
      "flake": false,
      "locked": {
        "lastModified": 1791054943,
        "narHash": "sha256-1ZjFsF5oLfMt59YDu9xQ80W/LaCj9FgSSACdIBvD4ig=",
        "ref": "refs/heads/mommy",
        "rev": "8dcac2dd845e3c4597aea322c79d5c534fc3fbbf",
        "revCount": 1,
        "type": "git",
        "url": "https://gitlab.melinoe.net/homelab/mel-nix-pkgs/melinoe-vpn-kernelspace.git"
      },
      "original": {
        "type": "git",
        "url": "https://gitlab.melinoe.net/homelab/mel-nix-pkgs/melinoe-vpn-kernelspace.git"
      }
    },
    "melinoe-vpn-userspace": {
      "flake": false,
      "locked": {
        "lastModified": 1791056301,
        "narHash": "sha256-tVO4lrEfceFNFYFZbgScyk0OTkfZBSXgRuyTXKOMiJY=",
        "ref": "refs/heads/mommy",
        "rev": "5c33d7e1037b98fd8d888d24625a705cc6f5cd10",
        "revCount": 2,
        "type": "git",
        "url": "https://gitlab.melinoe.net/homelab/mel-nix-pkgs/melinoe-vpn-userspace.git"
      },
      "original": {
        "type": "git",
        "url": "https://gitlab.melinoe.net/homelab/mel-nix-pkgs/melinoe-vpn-userspace.git"
      }
    },
    "nixpkgs": {
      "locked": {
        "lastModified": 1790822859,
        "narHash": "sha256-69xHQhAeMAD2wDXO7T2pcOZIF9Sga2W+JkmY2a11Ops=",
        "owner": "NixOS",
        "repo": "nixpkgs",
        "rev": "c59305bab2065cfecc4944690d9eedbb56f3a9fa",
        "type": "github"
      },
      "original": {
        "owner": "NixOS",
        "ref": "nixos-unstable",
        "repo": "nixpkgs",
        "type": "github"
      }
    },
    "nixpkgs-kernel": {
      "locked": {
        "lastModified": 1790185690,
        "narHash": "sha256-xJ+X4hBtOcAFGBOe5nAMyMUeF9foJBmIOu3NjBqBycU=",
        "owner": "NixOS",
        "repo": "nixpkgs",
        "rev": "4975466d324710c576dc11ad614684e6bd8cad8e",
        "type": "github"
      },
      "original": {
        "owner": "NixOS",
        "repo": "nixpkgs",
        "rev": "4975466d324710c576dc11ad614684e6bd8cad8e",
        "type": "github"
      }
    },
    "root": {
      "inputs": {
        "disko": "disko",
        "melinoe-vpn-kernelspace": "melinoe-vpn-kernelspace",
        "melinoe-vpn-userspace": "melinoe-vpn-userspace",
        "nixpkgs": "nixpkgs",
        "nixpkgs-kernel": "nixpkgs-kernel"
      }
    }
  },
  "root": "root",
  "version": 7
}
